// !$*UTF8*$!
{
	archiveVersion = 1;
	classes = {
	};
	objectVersion = 56;
	objects = {

/* Begin PBXBuildFile section */
		APP001 /* MacRemoteApp.swift in Sources */ = {isa = PBXBuildFile; fileRef = SRC001; };
		APP002 /* ContentView.swift in Sources */ = {isa = PBXBuildFile; fileRef = SRC002; };
		APP003 /* Assets.xcassets in Resources */ = {isa = PBXBuildFile; fileRef = RES001; };
		MOD001 /* SavedConnection.swift in Sources */ = {isa = PBXBuildFile; fileRef = SRC003; };
		MOD002 /* InputEvent.swift in Sources */ = {isa = PBXBuildFile; fileRef = SRC004; };
		DIS001 /* DiscoveredMac.swift in Sources */ = {isa = PBXBuildFile; fileRef = SRC005; };
		DIS002 /* BonjourBrowser.swift in Sources */ = {isa = PBXBuildFile; fileRef = SRC006; };
		VNC001 /* RFBProtocol.swift in Sources */ = {isa = PBXBuildFile; fileRef = SRC007; };
		VNC002 /* RFBAuth.swift in Sources */ = {isa = PBXBuildFile; fileRef = SRC008; };
		VNC003 /* FrameBuffer.swift in Sources */ = {isa = PBXBuildFile; fileRef = SRC009; };
		VNC004 /* VNCClient.swift in Sources */ = {isa = PBXBuildFile; fileRef = SRC010; };
		NET001 /* AdaptiveQuality.swift in Sources */ = {isa = PBXBuildFile; fileRef = SRC011; };
		NET002 /* ConnectionManager.swift in Sources */ = {isa = PBXBuildFile; fileRef = SRC012; };
		HOM001 /* HomeView.swift in Sources */ = {isa = PBXBuildFile; fileRef = SRC013; };
		CON001 /* AddConnectionView.swift in Sources */ = {isa = PBXBuildFile; fileRef = SRC014; };
		SES001 /* SessionView.swift in Sources */ = {isa = PBXBuildFile; fileRef = SRC015; };
		SES002 /* ScreenCanvasView.swift in Sources */ = {isa = PBXBuildFile; fileRef = SRC016; };
		SES003 /* KeyboardInputView.swift in Sources */ = {isa = PBXBuildFile; fileRef = SRC020; };
		SET001 /* SettingsView.swift in Sources */ = {isa = PBXBuildFile; fileRef = SRC017; };
		UTL001 /* Constants.swift in Sources */ = {isa = PBXBuildFile; fileRef = SRC018; };
		VNC005 /* ZlibDecompressor.swift in Sources */ = {isa = PBXBuildFile; fileRef = SRC019; };
/* End PBXBuildFile section */

/* Begin PBXFileReference section */
		PRD001 /* MacRemote.app */ = {isa = PBXFileReference; explicitFileType = wrapper.application; includeInIndex = 0; path = MacRemote.app; sourceTree = BUILT_PRODUCTS_DIR; };
		SRC001 /* MacRemoteApp.swift */ = {isa = PBXFileReference; lastKnownFileType = sourcecode.swift; path = MacRemoteApp.swift; sourceTree = "<group>"; };
		SRC002 /* ContentView.swift */ = {isa = PBXFileReference; lastKnownFileType = sourcecode.swift; path = ContentView.swift; sourceTree = "<group>"; };
		SRC003 /* SavedConnection.swift */ = {isa = PBXFileReference; lastKnownFileType = sourcecode.swift; path = SavedConnection.swift; sourceTree = "<group>"; };
		SRC004 /* InputEvent.swift */ = {isa = PBXFileReference; lastKnownFileType = sourcecode.swift; path = InputEvent.swift; sourceTree = "<group>"; };
		SRC005 /* DiscoveredMac.swift */ = {isa = PBXFileReference; lastKnownFileType = sourcecode.swift; path = DiscoveredMac.swift; sourceTree = "<group>"; };
		SRC006 /* BonjourBrowser.swift */ = {isa = PBXFileReference; lastKnownFileType = sourcecode.swift; path = BonjourBrowser.swift; sourceTree = "<group>"; };
		SRC007 /* RFBProtocol.swift */ = {isa = PBXFileReference; lastKnownFileType = sourcecode.swift; path = RFBProtocol.swift; sourceTree = "<group>"; };
		SRC008 /* RFBAuth.swift */ = {isa = PBXFileReference; lastKnownFileType = sourcecode.swift; path = RFBAuth.swift; sourceTree = "<group>"; };
		SRC009 /* FrameBuffer.swift */ = {isa = PBXFileReference; lastKnownFileType = sourcecode.swift; path = FrameBuffer.swift; sourceTree = "<group>"; };
		SRC010 /* VNCClient.swift */ = {isa = PBXFileReference; lastKnownFileType = sourcecode.swift; path = VNCClient.swift; sourceTree = "<group>"; };
		SRC011 /* AdaptiveQuality.swift */ = {isa = PBXFileReference; lastKnownFileType = sourcecode.swift; path = AdaptiveQuality.swift; sourceTree = "<group>"; };
		SRC012 /* ConnectionManager.swift */ = {isa = PBXFileReference; lastKnownFileType = sourcecode.swift; path = ConnectionManager.swift; sourceTree = "<group>"; };
		SRC013 /* HomeView.swift */ = {isa = PBXFileReference; lastKnownFileType = sourcecode.swift; path = HomeView.swift; sourceTree = "<group>"; };
		SRC014 /* AddConnectionView.swift */ = {isa = PBXFileReference; lastKnownFileType = sourcecode.swift; path = AddConnectionView.swift; sourceTree = "<group>"; };
		SRC015 /* SessionView.swift */ = {isa = PBXFileReference; lastKnownFileType = sourcecode.swift; path = SessionView.swift; sourceTree = "<group>"; };
		SRC016 /* ScreenCanvasView.swift */ = {isa = PBXFileReference; lastKnownFileType = sourcecode.swift; path = ScreenCanvasView.swift; sourceTree = "<group>"; };
		SRC017 /* SettingsView.swift */ = {isa = PBXFileReference; lastKnownFileType = sourcecode.swift; path = SettingsView.swift; sourceTree = "<group>"; };
		SRC018 /* Constants.swift */ = {isa = PBXFileReference; lastKnownFileType = sourcecode.swift; path = Constants.swift; sourceTree = "<group>"; };
		SRC019 /* ZlibDecompressor.swift */ = {isa = PBXFileReference; lastKnownFileType = sourcecode.swift; path = ZlibDecompressor.swift; sourceTree = "<group>"; };
		SRC020 /* KeyboardInputView.swift */ = {isa = PBXFileReference; lastKnownFileType = sourcecode.swift; path = KeyboardInputView.swift; sourceTree = "<group>"; };
		RES001 /* Assets.xcassets */ = {isa = PBXFileReference; lastKnownFileType = folder.assetcatalog; path = Assets.xcassets; sourceTree = "<group>"; };
/* End PBXFileReference section */

/* Begin PBXFrameworksBuildPhase section */
		FRM001 /* Frameworks */ = {
			isa = PBXFrameworksBuildPhase;
			buildActionMask = 2147483647;
			files = (
			);
			runOnlyForDeploymentPostprocessing = 0;
		};
/* End PBXFrameworksBuildPhase section */

/* Begin PBXGroup section */
		ROOT /* Root */ = {
			isa = PBXGroup;
			children = (
				GRP001 /* MacRemote */,
				GRP_PROD /* Products */,
			);
			sourceTree = "<group>";
		};
		GRP_PROD /* Products */ = {
			isa = PBXGroup;
			children = (
				PRD001 /* MacRemote.app */,
			);
			name = Products;
			sourceTree = "<group>";
		};
		GRP001 /* MacRemote */ = {
			isa = PBXGroup;
			children = (
				GRP_APP /* App */,
				GRP_FEAT /* Features */,
				GRP_CORE /* Core */,
				GRP_MOD /* Models */,
				GRP_UTL /* Utilities */,
				GRP_RES /* Resources */,
			);
			path = MacRemote;
			sourceTree = "<group>";
		};
		GRP_APP /* App */ = {
			isa = PBXGroup;
			children = (
				SRC001 /* MacRemoteApp.swift */,
				SRC002 /* ContentView.swift */,
			);
			path = App;
			sourceTree = "<group>";
		};
		GRP_FEAT /* Features */ = {
			isa = PBXGroup;
			children = (
				GRP_HOME /* Home */,
				GRP_SESS /* Session */,
				GRP_CONN /* Connect */,
				GRP_SETT /* Settings */,
			);
			path = Features;
			sourceTree = "<group>";
		};
		GRP_HOME /* Home */ = {
			isa = PBXGroup;
			children = (
				SRC013 /* HomeView.swift */,
			);
			path = Home;
			sourceTree = "<group>";
		};
		GRP_SESS /* Session */ = {
			isa = PBXGroup;
			children = (
				SRC015 /* SessionView.swift */,
				SRC016 /* ScreenCanvasView.swift */,
				SRC020 /* KeyboardInputView.swift */,
			);
			path = Session;
			sourceTree = "<group>";
		};
		GRP_CONN /* Connect */ = {
			isa = PBXGroup;
			children = (
				SRC014 /* AddConnectionView.swift */,
			);
			path = Connect;
			sourceTree = "<group>";
		};
		GRP_SETT /* Settings */ = {
			isa = PBXGroup;
			children = (
				SRC017 /* SettingsView.swift */,
			);
			path = Settings;
			sourceTree = "<group>";
		};
		GRP_CORE /* Core */ = {
			isa = PBXGroup;
			children = (
				GRP_VNC /* VNC */,
				GRP_DISC /* Discovery */,
				GRP_NET /* Network */,
			);
			path = Core;
			sourceTree = "<group>";
		};
		GRP_VNC /* VNC */ = {
			isa = PBXGroup;
			children = (
				SRC007 /* RFBProtocol.swift */,
				SRC008 /* RFBAuth.swift */,
				SRC009 /* FrameBuffer.swift */,
				SRC010 /* VNCClient.swift */,
				SRC019 /* ZlibDecompressor.swift */,
			);
			path = VNC;
			sourceTree = "<group>";
		};
		GRP_DISC /* Discovery */ = {
			isa = PBXGroup;
			children = (
				SRC005 /* DiscoveredMac.swift */,
				SRC006 /* BonjourBrowser.swift */,
			);
			path = Discovery;
			sourceTree = "<group>";
		};
		GRP_NET /* Network */ = {
			isa = PBXGroup;
			children = (
				SRC011 /* AdaptiveQuality.swift */,
				SRC012 /* ConnectionManager.swift */,
			);
			path = Network;
			sourceTree = "<group>";
		};
		GRP_MOD /* Models */ = {
			isa = PBXGroup;
			children = (
				SRC003 /* SavedConnection.swift */,
				SRC004 /* InputEvent.swift */,
			);
			path = Models;
			sourceTree = "<group>";
		};
		GRP_UTL /* Utilities */ = {
			isa = PBXGroup;
			children = (
				SRC018 /* Constants.swift */,
			);
			path = Utilities;
			sourceTree = "<group>";
		};
		GRP_RES /* Resources */ = {
			isa = PBXGroup;
			children = (
				RES001 /* Assets.xcassets */,
			);
			path = Resources;
			sourceTree = "<group>";
		};
/* End PBXGroup section */

/* Begin PBXNativeTarget section */
		TGT001 /* MacRemote */ = {
			isa = PBXNativeTarget;
			buildConfigurationList = CFG_TGT /* Build configuration list for PBXNativeTarget "MacRemote" */;
			buildPhases = (
				SRC_PH /* Sources */,
				FRM001 /* Frameworks */,
				RES_PH /* Resources */,
			);
			buildRules = (
			);
			dependencies = (
			);
			name = MacRemote;
			productName = MacRemote;
			productReference = PRD001 /* MacRemote.app */;
			productType = "com.apple.product-type.application";
		};
/* End PBXNativeTarget section */

/* Begin PBXProject section */
		PRJ001 /* Project object */ = {
			isa = PBXProject;
			attributes = {
				BuildIndependentTargetsInParallel = 1;
				LastSwiftUpdateCheck = 1500;
				LastUpgradeCheck = 1500;
				TargetAttributes = {
					TGT001 = {
						CreatedOnToolsVersion = 15.0;
					};
				};
			};
			buildConfigurationList = CFG_PRJ /* Build configuration list for PBXProject "MacRemote" */;
			compatibilityVersion = "Xcode 14.0";
			developmentRegion = en;
			hasScannedForEncodings = 0;
			knownRegions = (
				en,
				Base,
			);
			mainGroup = ROOT;
			productRefGroup = GRP_PROD /* Products */;
			projectDirPath = "";
			projectRoot = "";
			targets = (
				TGT001 /* MacRemote */,
			);
		};
/* End PBXProject section */

/* Begin PBXResourcesBuildPhase section */
		RES_PH /* Resources */ = {
			isa = PBXResourcesBuildPhase;
			buildActionMask = 2147483647;
			files = (
				APP003 /* Assets.xcassets in Resources */,
			);
			runOnlyForDeploymentPostprocessing = 0;
		};
/* End PBXResourcesBuildPhase section */

/* Begin PBXSourcesBuildPhase section */
		SRC_PH /* Sources */ = {
			isa = PBXSourcesBuildPhase;
			buildActionMask = 2147483647;
			files = (
				APP001 /* MacRemoteApp.swift in Sources */,
				APP002 /* ContentView.swift in Sources */,
				MOD001 /* SavedConnection.swift in Sources */,
				MOD002 /* InputEvent.swift in Sources */,
				DIS001 /* DiscoveredMac.swift in Sources */,
				DIS002 /* BonjourBrowser.swift in Sources */,
				VNC001 /* RFBProtocol.swift in Sources */,
				VNC002 /* RFBAuth.swift in Sources */,
				VNC003 /* FrameBuffer.swift in Sources */,
				VNC004 /* VNCClient.swift in Sources */,
				NET001 /* AdaptiveQuality.swift in Sources */,
				NET002 /* ConnectionManager.swift in Sources */,
				HOM001 /* HomeView.swift in Sources */,
				CON001 /* AddConnectionView.swift in Sources */,
				SES001 /* SessionView.swift in Sources */,
				SES002 /* ScreenCanvasView.swift in Sources */,
				SES003 /* KeyboardInputView.swift in Sources */,
				SET001 /* SettingsView.swift in Sources */,
				UTL001 /* Constants.swift in Sources */,
				VNC005 /* ZlibDecompressor.swift in Sources */,
			);
			runOnlyForDeploymentPostprocessing = 0;
		};
/* End PBXSourcesBuildPhase section */

/* Begin XCBuildConfiguration section */
		CFG_DBG /* Debug */ = {
			isa = XCBuildConfiguration;
			buildSettings = {
				ALWAYS_SEARCH_USER_PATHS = NO;
				ASSETCATALOG_COMPILER_GENERATE_SWIFT_ASSET_SYMBOL_EXTENSIONS = YES;
				CLANG_ANALYZER_NONNULL = YES;
				CLANG_ANALYZER_NUMBER_OBJECT_CONVERSION = YES_AGGRESSIVE;
				CLANG_CXX_LANGUAGE_STANDARD = "gnu++20";
				CLANG_ENABLE_MODULES = YES;
				CLANG_ENABLE_OBJC_ARC = YES;
				CLANG_ENABLE_OBJC_WEAK = YES;
				CLANG_WARN_BLOCK_CAPTURE_AUTORELEASING = YES;
				CLANG_WARN_BOOL_CONVERSION = YES;
				CLANG_WARN_COMMA = YES;
				CLANG_WARN_CONSTANT_CONVERSION = YES;
				CLANG_WARN_DEPRECATED_OBJC_IMPLEMENTATIONS = YES;
				CLANG_WARN_DIRECT_OBJC_ISA_USAGE = YES_ERROR;
				CLANG_WARN_DOCUMENTATION_COMMENTS = YES;
				CLANG_WARN_EMPTY_BODY = YES;
				CLANG_WARN_ENUM_CONVERSION = YES;
				CLANG_WARN_INFINITE_RECURSION = YES;
				CLANG_WARN_INT_CONVERSION = YES;
				CLANG_WARN_NON_LITERAL_NULL_CONVERSION = YES;
				CLANG_WARN_OBJC_IMPLICIT_RETAIN_SELF = YES;
				CLANG_WARN_OBJC_LITERAL_CONVERSION = YES;
				CLANG_WARN_OBJC_ROOT_CLASS = YES_ERROR;
				CLANG_WARN_QUOTED_INCLUDE_IN_FRAMEWORK_HEADER = YES;
				CLANG_WARN_RANGE_LOOP_ANALYSIS = YES;
				CLANG_WARN_STRICT_PROTOTYPES = YES;
				CLANG_WARN_SUSPICIOUS_MOVE = YES;
				CLANG_WARN_UNGUARDED_AVAILABILITY = YES_AGGRESSIVE;
				CLANG_WARN_UNREACHABLE_CODE = YES;
				CLANG_WARN__DUPLICATE_METHOD_MATCH = YES;
				COPY_PHASE_STRIP = NO;
				DEBUG_INFORMATION_FORMAT = dwarf;
				ENABLE_STRICT_OBJC_MSGSEND = YES;
				ENABLE_TESTABILITY = YES;
				ENABLE_USER_SCRIPT_SANDBOXING = YES;
				GCC_C_LANGUAGE_STANDARD = gnu17;
				GCC_DYNAMIC_NO_PIC = NO;
				GCC_NO_COMMON_BLOCKS = YES;
				GCC_OPTIMIZATION_LEVEL = 0;
				GCC_PREPROCESSOR_DEFINITIONS = (
					"DEBUG=1",
					"$(inherited)",
				);
				GCC_WARN_64_TO_32_BIT_CONVERSION = YES;
				GCC_WARN_ABOUT_RETURN_TYPE = YES_ERROR;
				GCC_WARN_UNDECLARED_SELECTOR = YES;
				GCC_WARN_UNINITIALIZED_AUTOS = YES_AGGRESSIVE;
				GCC_WARN_UNUSED_FUNCTION = YES;
				GCC_WARN_UNUSED_VARIABLE = YES;
				IPHONEOS_DEPLOYMENT_TARGET = 17.0;
				LOCALIZATION_PREFERS_STRING_CATALOGS = YES;
				MTL_ENABLE_DEBUG_INFO = INCLUDE_SOURCE;
				MTL_FAST_MATH = YES;
				ONLY_ACTIVE_ARCH = YES;
				SDKROOT = iphoneos;
				SWIFT_ACTIVE_COMPILATION_CONDITIONS = "DEBUG $(inherited)";
				SWIFT_OPTIMIZATION_LEVEL = "-Onone";
			};
			name = Debug;
		};
		CFG_REL /* Release */ = {
			isa = XCBuildConfiguration;
			buildSettings = {
				ALWAYS_SEARCH_USER_PATHS = NO;
				ASSETCATALOG_COMPILER_GENERATE_SWIFT_ASSET_SYMBOL_EXTENSIONS = YES;
				CLANG_ANALYZER_NONNULL = YES;
				CLANG_ANALYZER_NUMBER_OBJECT_CONVERSION = YES_AGGRESSIVE;
				CLANG_CXX_LANGUAGE_STANDARD = "gnu++20";
				CLANG_ENABLE_MODULES = YES;
				CLANG_ENABLE_OBJC_ARC = YES;
				CLANG_ENABLE_OBJC_WEAK = YES;
				CLANG_WARN_BLOCK_CAPTURE_AUTORELEASING = YES;
				CLANG_WARN_BOOL_CONVERSION = YES;
				CLANG_WARN_COMMA = YES;
				CLANG_WARN_CONSTANT_CONVERSION = YES;
				CLANG_WARN_DEPRECATED_OBJC_IMPLEMENTATIONS = YES;
				CLANG_WARN_DIRECT_OBJC_ISA_USAGE = YES_ERROR;
				CLANG_WARN_DOCUMENTATION_COMMENTS = YES;
				CLANG_WARN_EMPTY_BODY = YES;
				CLANG_WARN_ENUM_CONVERSION = YES;
				CLANG_WARN_INFINITE_RECURSION = YES;
				CLANG_WARN_INT_CONVERSION = YES;
				CLANG_WARN_NON_LITERAL_NULL_CONVERSION = YES;
				CLANG_WARN_OBJC_IMPLICIT_RETAIN_SELF = YES;
				CLANG_WARN_OBJC_LITERAL_CONVERSION = YES;
				CLANG_WARN_OBJC_ROOT_CLASS = YES_ERROR;
				CLANG_WARN_QUOTED_INCLUDE_IN_FRAMEWORK_HEADER = YES;
				CLANG_WARN_RANGE_LOOP_ANALYSIS = YES;
				CLANG_WARN_STRICT_PROTOTYPES = YES;
				CLANG_WARN_SUSPICIOUS_MOVE = YES;
				CLANG_WARN_UNGUARDED_AVAILABILITY = YES_AGGRESSIVE;
				CLANG_WARN_UNREACHABLE_CODE = YES;
				CLANG_WARN__DUPLICATE_METHOD_MATCH = YES;
				COPY_PHASE_STRIP = NO;
				DEBUG_INFORMATION_FORMAT = "dwarf-with-dsym";
				ENABLE_NS_ASSERTIONS = NO;
				ENABLE_STRICT_OBJC_MSGSEND = YES;
				ENABLE_USER_SCRIPT_SANDBOXING = YES;
				GCC_C_LANGUAGE_STANDARD = gnu17;
				GCC_NO_COMMON_BLOCKS = YES;
				GCC_WARN_64_TO_32_BIT_CONVERSION = YES;
				GCC_WARN_ABOUT_RETURN_TYPE = YES_ERROR;
				GCC_WARN_UNDECLARED_SELECTOR = YES;
				GCC_WARN_UNINITIALIZED_AUTOS = YES_AGGRESSIVE;
				GCC_WARN_UNUSED_FUNCTION = YES;
				GCC_WARN_UNUSED_VARIABLE = YES;
				IPHONEOS_DEPLOYMENT_TARGET = 17.0;
				LOCALIZATION_PREFERS_STRING_CATALOGS = YES;
				MTL_ENABLE_DEBUG_INFO = NO;
				MTL_FAST_MATH = YES;
				SDKROOT = iphoneos;
				SWIFT_COMPILATION_MODE = wholemodule;
				VALIDATE_PRODUCT = YES;
			};
			name = Release;
		};
		CFG_TGT_DBG /* Debug */ = {
			isa = XCBuildConfiguration;
			buildSettings = {
				ASSETCATALOG_COMPILER_APPICON_NAME = AppIcon;
				ASSETCATALOG_COMPILER_GLOBAL_ACCENT_COLOR_NAME = AccentColor;
				CODE_SIGN_STYLE = Automatic;
				CURRENT_PROJECT_VERSION = 1;
				DEVELOPMENT_TEAM = MVS7F3PV7T;
				GENERATE_INFOPLIST_FILE = YES;
				INFOPLIST_FILE = MacRemote/Info.plist;
				INFOPLIST_KEY_CFBundleDisplayName = "Screen Control";
				INFOPLIST_KEY_LSApplicationCategoryType = "public.app-category.utilities";
				INFOPLIST_KEY_NSBonjourServices = "_rfb._tcp";
				INFOPLIST_KEY_NSLocalNetworkUsageDescription = "MacRemote needs local network access to discover and connect to Macs running Screen Sharing.";
				INFOPLIST_KEY_UIApplicationSceneManifest_Generation = YES;
				INFOPLIST_KEY_UIApplicationSupportsIndirectInputEvents = YES;
				INFOPLIST_KEY_UILaunchScreen_Generation = YES;
				INFOPLIST_KEY_UIRequiresFullScreen = YES;
				INFOPLIST_KEY_UIStatusBarHidden = NO;
				INFOPLIST_KEY_UISupportedInterfaceOrientations = "UIInterfaceOrientationLandscapeLeft UIInterfaceOrientationLandscapeRight UIInterfaceOrientationPortrait UIInterfaceOrientationPortraitUpsideDown";
				LD_RUNPATH_SEARCH_PATHS = (
					"$(inherited)",
					"@executable_path/Frameworks",
				);
				MARKETING_VERSION = 1.0;
				PRODUCT_BUNDLE_IDENTIFIER = com.macremote.app;
				PRODUCT_NAME = "$(TARGET_NAME)";
				SUPPORTED_PLATFORMS = "iphoneos iphonesimulator";
				SUPPORTS_MACCATALYST = NO;
				SWIFT_EMIT_LOC_STRINGS = YES;
				SWIFT_VERSION = 5.0;
				TARGETED_DEVICE_FAMILY = 2;
			};
			name = Debug;
		};
		CFG_TGT_REL /* Release */ = {
			isa = XCBuildConfiguration;
			buildSettings = {
				ASSETCATALOG_COMPILER_APPICON_NAME = AppIcon;
				ASSETCATALOG_COMPILER_GLOBAL_ACCENT_COLOR_NAME = AccentColor;
				CODE_SIGN_STYLE = Automatic;
				CURRENT_PROJECT_VERSION = 1;
				DEVELOPMENT_TEAM = MVS7F3PV7T;
				GENERATE_INFOPLIST_FILE = YES;
				INFOPLIST_FILE = MacRemote/Info.plist;
				INFOPLIST_KEY_CFBundleDisplayName = "Screen Control";
				INFOPLIST_KEY_LSApplicationCategoryType = "public.app-category.utilities";
				INFOPLIST_KEY_NSBonjourServices = "_rfb._tcp";
				INFOPLIST_KEY_NSLocalNetworkUsageDescription = "MacRemote needs local network access to discover and connect to Macs running Screen Sharing.";
				INFOPLIST_KEY_UIApplicationSceneManifest_Generation = YES;
				INFOPLIST_KEY_UIApplicationSupportsIndirectInputEvents = YES;
				INFOPLIST_KEY_UILaunchScreen_Generation = YES;
				INFOPLIST_KEY_UIRequiresFullScreen = YES;
				INFOPLIST_KEY_UIStatusBarHidden = NO;
				INFOPLIST_KEY_UISupportedInterfaceOrientations = "UIInterfaceOrientationLandscapeLeft UIInterfaceOrientationLandscapeRight UIInterfaceOrientationPortrait UIInterfaceOrientationPortraitUpsideDown";
				LD_RUNPATH_SEARCH_PATHS = (
					"$(inherited)",
					"@executable_path/Frameworks",
				);
				MARKETING_VERSION = 1.0;
				PRODUCT_BUNDLE_IDENTIFIER = com.macremote.app;
				PRODUCT_NAME = "$(TARGET_NAME)";
				SUPPORTED_PLATFORMS = "iphoneos iphonesimulator";
				SUPPORTS_MACCATALYST = NO;
				SWIFT_EMIT_LOC_STRINGS = YES;
				SWIFT_VERSION = 5.0;
				TARGETED_DEVICE_FAMILY = 2;
			};
			name = Release;
		};
/* End XCBuildConfiguration section */

/* Begin XCConfigurationList section */
		CFG_PRJ /* Build configuration list for PBXProject "MacRemote" */ = {
			isa = XCConfigurationList;
			buildConfigurations = (
				CFG_DBG /* Debug */,
				CFG_REL /* Release */,
			);
			defaultConfigurationIsVisible = 0;
			defaultConfigurationName = Release;
		};
		CFG_TGT /* Build configuration list for PBXNativeTarget "MacRemote" */ = {
			isa = XCConfigurationList;
			buildConfigurations = (
				CFG_TGT_DBG /* Debug */,
				CFG_TGT_REL /* Release */,
			);
			defaultConfigurationIsVisible = 0;
			defaultConfigurationName = Release;
		};
/* End XCConfigurationList section */
	};
	rootObject = PRJ001 /* Project object */;
}
